# This file is generated by running "berry install" inside your project.
# Manual changes might be lost - proceed with caution!

__metadata:
  version: 3

"@actions/core@npm:^1.0.0":
  version: 1.0.0
  resolution: "@actions/core@npm:1.0.0"
  checksum: f9317b36e27de205bfcb4f0d00f147530eb0b375be6cd00e8c13cbc9d76c2499abb2093a341df209fba024610d9e4dcffc4f6b6abe20419364040f946b912d82
  languageName: node
  linkType: hard

"@octokit/endpoint@npm:^5.1.0":
  version: 5.3.2
  resolution: "@octokit/endpoint@npm:5.3.2"
  dependencies:
    deepmerge: "npm:4.0.0"
    is-plain-object: "npm:^3.0.0"
    universal-user-agent: "npm:^3.0.0"
    url-template: "npm:^2.0.8"
  checksum: 6cce2df23368efcf4793c28fa9112138b0cf9cc8de8c3da75e9c36305cd08554a506ff7dafb4a21297850cc44a44fd1610ef967296fb5bddc964438f7b576690
  languageName: node
  linkType: hard

"@octokit/request-error@npm:^1.0.1, @octokit/request-error@npm:^1.0.2":
  version: 1.0.4
  resolution: "@octokit/request-error@npm:1.0.4"
  dependencies:
    deprecation: "npm:^2.0.0"
    once: "npm:^1.4.0"
  checksum: 8b270d34b06ca9a75a53632a62d8831cefff33448f59a82db6f253053c7e4175b8e5f23628412ae45c57f9f71231ec77d4f89dde31a7a204c86d2b4d1d253fa4
  languageName: node
  linkType: hard

"@octokit/request@npm:^5.0.0":
  version: 5.0.2
  resolution: "@octokit/request@npm:5.0.2"
  dependencies:
    "@octokit/endpoint": "npm:^5.1.0"
    "@octokit/request-error": "npm:^1.0.1"
    deprecation: "npm:^2.0.0"
    is-plain-object: "npm:^3.0.0"
    node-fetch: "npm:^2.3.0"
    once: "npm:^1.4.0"
    universal-user-agent: "npm:^3.0.0"
  checksum: 17c6ba5c21df318fe5cefd484ce926840faa1f237527b4c2445c512673aa6f56e6a093ce67927a2082428c42ec11d936cd7fd65011f3f70404118c8cd6feb383
  languageName: node
  linkType: hard

"@octokit/rest@npm:^16.28.7":
  version: 16.28.7
  resolution: "@octokit/rest@npm:16.28.7"
  dependencies:
    "@octokit/request": "npm:^5.0.0"
    "@octokit/request-error": "npm:^1.0.2"
    atob-lite: "npm:^2.0.0"
    before-after-hook: "npm:^2.0.0"
    btoa-lite: "npm:^1.0.0"
    deprecation: "npm:^2.0.0"
    lodash.get: "npm:^4.4.2"
    lodash.set: "npm:^4.3.2"
    lodash.uniq: "npm:^4.5.0"
    octokit-pagination-methods: "npm:^1.1.0"
    once: "npm:^1.4.0"
    universal-user-agent: "npm:^3.0.0"
    url-template: "npm:^2.0.8"
  checksum: 17b05926b34d4b24df14a3531160710c402453a8a3e08903c7064aa39c10d6e67a0ac156950c63fb0f439999cfb6ef26d8c1ce1c627c21c5f7ce3e11b2f75af9
  languageName: node
  linkType: hard

"atob-lite@npm:^2.0.0":
  version: 2.0.0
  resolution: "atob-lite@npm:2.0.0"
  checksum: 201ed8f94280507ecffa3c2472ea3c077710113f986da63f24fd2e7b84621e2befade707c0f4eb948f2232e16fb7b50092fcc4fa9971916b28bf36062307b9d2
  languageName: node
  linkType: hard

"before-after-hook@npm:^2.0.0":
  version: 2.1.0
  resolution: "before-after-hook@npm:2.1.0"
  checksum: a8e0637e77b7edfde17d5e14bedfb16c11edbef054e5691e275b9aaeb849365ea2a37ef9726bab5aad6e7a5482611e981ee89abf84e54ade1cd7a63e2cc4523a
  languageName: node
  linkType: hard

"btoa-lite@npm:^1.0.0":
  version: 1.0.0
  resolution: "btoa-lite@npm:1.0.0"
  checksum: a213aa91129d671b433145018429ae32a89e5879d8f16101893f579b55d477e563983e4ffa6cacb0b07799350c0a3e49e49656f78ac4a387c4c0b09b2e537343
  languageName: node
  linkType: hard

"cross-spawn@npm:^6.0.0":
  version: 6.0.5
  resolution: "cross-spawn@npm:6.0.5"
  dependencies:
    nice-try: "npm:^1.0.4"
    path-key: "npm:^2.0.1"
    semver: "npm:^5.5.0"
    shebang-command: "npm:^1.2.0"
    which: "npm:^1.2.9"
  checksum: d06f25a8b38799e85258b28ee0136389d00be52ba6b3573b4a67bcf2e0f70e2f5b6eda3e231f079129d6cec937cc123cf6516efe55a3711487a4dba68cb6a86a
  languageName: node
  linkType: hard

"deepmerge@npm:4.0.0":
  version: 4.0.0
  resolution: "deepmerge@npm:4.0.0"
  checksum: 292c9f2cbee7369a44f909971aecd155899f18e1ce48c2d0bfd70a26f91c4335df994c965f7c2e8e4c14a3334331ae5a9abe4cb4c87155e631499e008b0f5a6f
  languageName: node
  linkType: hard

"deprecation@npm:^2.0.0":
  version: 2.3.1
  resolution: "deprecation@npm:2.3.1"
  checksum: 809468f3384e3f42d8aaf89b09035fc52c9cd53191581295f2618e57f12d2839e8acdb35b4ff3fbc2008f0e3908248cb904a9442fb15e78674ae72a641d6aaac
  languageName: node
  linkType: hard

"end-of-stream@npm:^1.1.0":
  version: 1.4.1
  resolution: "end-of-stream@npm:1.4.1"
  dependencies:
    once: "npm:^1.4.0"
  checksum: 1ce83881bff8e29feae6d18a002bf3b92b70938f3b6761d9d62b9b077fade97cde949fb6c7da9b25962381ad86c13d6a0a50a7bb3232600c6998dc22e4903385
  languageName: node
  linkType: hard

"execa@npm:^1.0.0":
  version: 1.0.0
  resolution: "execa@npm:1.0.0"
  dependencies:
    cross-spawn: "npm:^6.0.0"
    get-stream: "npm:^4.0.0"
    is-stream: "npm:^1.1.0"
    npm-run-path: "npm:^2.0.0"
    p-finally: "npm:^1.0.0"
    signal-exit: "npm:^3.0.0"
    strip-eof: "npm:^1.0.0"
  checksum: e629a8c223251d41ee71e6b479fd514b0a9916fe7089e4d7874d929b964f13e22ac389075a8b14e38f7a0213c98298006bb25f247e137d7a277dbc4ef8508b83
  languageName: node
  linkType: hard

"get-stream@npm:^4.0.0":
  version: 4.1.0
  resolution: "get-stream@npm:4.1.0"
  dependencies:
    pump: "npm:^3.0.0"
  checksum: c6b0e9200d55c52f6f5166ad9dd8a1ab4e20f07244cc12ef26e38b3a106cbf693e7b098d0da935fdcec09f4ae1bfd90ad0354ce51173ed13a1b8b4b85e87bf82
  languageName: node
  linkType: hard

"is-plain-object@npm:^3.0.0":
  version: 3.0.0
  resolution: "is-plain-object@npm:3.0.0"
  dependencies:
    isobject: "npm:^4.0.0"
  checksum: 47a6dc684a04d0694a633662ec2924a6d863b6711caf962ddbe9dcb81231e9464991f599f9293aa30df69705ca840cacfb169f6607cedbf536253a0caaa0e65a
  languageName: node
  linkType: hard

"is-stream@npm:^1.1.0":
  version: 1.1.0
  resolution: "is-stream@npm:1.1.0"
  checksum: c7c489de877bb190b05aa5b7726897d584ed7c78d68fe385de20ec83eab577edc3b9e8796938d3ab188ffef6c816b83dc2a3f2490ff1d345c160c1697b043ca1
  languageName: node
  linkType: hard

"isexe@npm:^2.0.0":
  version: 2.0.0
  resolution: "isexe@npm:2.0.0"
  checksum: 8312a3258bc24b5b640321cace7f48805ac2b19b5154b5f517f21802805786780f324d025ce1f685fa89604f7ebf84ba97dbd813c27dff8339d20d83a57bcd0d
  languageName: node
  linkType: hard

"isobject@npm:^4.0.0":
  version: 4.0.0
  resolution: "isobject@npm:4.0.0"
  checksum: 2823e493aa874fefe5d65af6dd6e457696fe7f527390b1797e99db51015e965e7486be6fed7a453ed3cb155319709d25436b542d884de10695593300f20ee188
  languageName: node
  linkType: hard

"lodash.get@npm:^4.4.2":
  version: 4.4.2
  resolution: "lodash.get@npm:4.4.2"
  checksum: 169a68c8082ba5c0ec79e43ac8bfb6f6e8e3ad300abb04516cc7ba037fe1370f1696497e2419a6cf3e1d53f5dede68d5c85666aac4bcdb2232da1063416ad9d0
  languageName: node
  linkType: hard

"lodash.set@npm:^4.3.2":
  version: 4.3.2
  resolution: "lodash.set@npm:4.3.2"
  checksum: 40b67d30d064c7afaadab1dfd096d09f306410c3a05899b67b327abb229f932f2dc4834aeaaec889a66eae1821a4cd4e7ebfcedca2284d41d9a38e2747c957de
  languageName: node
  linkType: hard

"lodash.uniq@npm:^4.5.0":
  version: 4.5.0
  resolution: "lodash.uniq@npm:4.5.0"
  checksum: 419917ca5e0ddb7dd00a1dd756a232263aa6c545f625def20c09b25559ba001aa737f54a28f853439d6808cfd69cb6a4d07b482c15a174b1b753c7fb46666916
  languageName: node
  linkType: hard

"macos-release@npm:^2.2.0":
  version: 2.3.0
  resolution: "macos-release@npm:2.3.0"
  checksum: e8d40ea29983970dedcba11fcd447ebc59c180953b1063c36b1550b9f0e30aaa36acde6504000d001476c853e3184bb092b081045e54c9f6e6a9503986cf5716
  languageName: node
  linkType: hard

"mime@npm:^2.4.4":
  version: 2.4.4
  resolution: "mime@npm:2.4.4"
  bin:
    mime: cli.js
  checksum: 7301625109863895c43bcb040d8f483da3a40c69e7e1c7c2f1eccce2b95a57a85e97e9808e8f7aaac9be64c305416e1684037e1d2864cb274250e418e386e6e8
  languageName: node
  linkType: hard

"nice-try@npm:^1.0.4":
  version: 1.0.5
  resolution: "nice-try@npm:1.0.5"
  checksum: a97fdff0c3b5b624556b95c28d74020378395cc6b47430ff92ca5dfa6f6c650c2a527590aa2a239bd951f629be522cc40538f2188fa402e559f04b6d5225eab2
  languageName: node
  linkType: hard

"node-fetch@npm:^2.3.0":
  version: 2.6.0
  resolution: "node-fetch@npm:2.6.0"
  checksum: 24eaa3913acfc4a5ca29500ff0c88171001330414d495b7f3a0fa93815b4397d56a5fc0c48edfdbee312b3166a2aa19055954c8fb47c0e6eb302c4fe68657368
  languageName: node
  linkType: hard

"npm-run-path@npm:^2.0.0":
  version: 2.0.2
  resolution: "npm-run-path@npm:2.0.2"
  dependencies:
    path-key: "npm:^2.0.0"
  checksum: 0385d2cf3ec496041e151cbc5a14851eb29ac6d54aa0cc594f7438deca383135099a1ad934df09077dd59574bb69e43928644705f7c4cb3d1c749871225667cc
  languageName: node
  linkType: hard

"octokit-pagination-methods@npm:^1.1.0":
  version: 1.1.0
  resolution: "octokit-pagination-methods@npm:1.1.0"
  checksum: 9dee63c0b5a99b4f4aa3214806b160364fb9d8884a22a4ff2bdd365f5e961a7735fdbef069c60947ad1446c8763ffe763f917559b2ab6ca3e6ff6b3a24951192
  languageName: node
  linkType: hard

"once@npm:^1.3.1, once@npm:^1.4.0":
  version: 1.4.0
  resolution: "once@npm:1.4.0"
  dependencies:
    wrappy: "npm:1"
  checksum: 9353242f6840822466aaea7985c6ba19f04de7adef144592204373ff28565ce2bc1f38bff42692a835c1dc18c73dd79aa98962de3030ac3a132dc89314036877
  languageName: node
  linkType: hard

"os-name@npm:^3.0.0":
  version: 3.1.0
  resolution: "os-name@npm:3.1.0"
  dependencies:
    macos-release: "npm:^2.2.0"
    windows-release: "npm:^3.1.0"
  checksum: 371cd613392c68fdc5f87f99c091ec9a17fc433248daf23e3485eef88de7d6672ae0c8565a3f65b5a0b4e201549a9fd10163a66b5dd1814eb3bdd3b34c85f003
  languageName: node
  linkType: hard

"p-finally@npm:^1.0.0":
  version: 1.0.0
  resolution: "p-finally@npm:1.0.0"
  checksum: 2c7829b734475db7d12819ce0547a54c347b980c1c3620d1b9fafe1aa0834a950afca651d1862e9455ea19cfcd2d680ff83e57c2c4dc62471ef85f2c214f4005
  languageName: node
  linkType: hard

"path-key@npm:^2.0.0, path-key@npm:^2.0.1":
  version: 2.0.1
  resolution: "path-key@npm:2.0.1"
  checksum: 43b2d46679ddca6263996972bb3281559b7bf09f42a4f528c27459ff0d364852e64f89dfd7c3a68a94710e06c9bb0158c75b71d1af1d4054248de3562665962c
  languageName: node
  linkType: hard

"pump@npm:^3.0.0":
  version: 3.0.0
  resolution: "pump@npm:3.0.0"
  dependencies:
    end-of-stream: "npm:^1.1.0"
    once: "npm:^1.3.1"
  checksum: ab849157e988616e19b6e16645a86016a8cf5a56ceaeab076452eca24f5f64162d03b7b915039296935d148f79c1c9ebbfd023589de3fe6c0ba2883aaf91d885
  languageName: node
  linkType: hard

"release-action@workspace:.":
  version: 0.0.0-use.local
  resolution: "release-action@workspace:."
  dependencies:
    "@actions/core": "npm:^1.0.0"
    "@octokit/rest": "npm:^16.28.7"
    mime: "npm:^2.4.4"
  languageName: unknown
  linkType: soft

"semver@npm:^5.5.0":
  version: 5.7.1
  resolution: "semver@npm:5.7.1"
  bin:
    semver: ./bin/semver
  checksum: 74a3047c02dbaadfc3a2df56abbddf0ed9a784170239fb30be515c8ae400e6057d7e66d60d94ece482129a4f2557357cdc3ec5aa08ef29648610f2070fd0663a
  languageName: node
  linkType: hard

"shebang-command@npm:^1.2.0":
  version: 1.2.0
  resolution: "shebang-command@npm:1.2.0"
  dependencies:
    shebang-regex: "npm:^1.0.0"
  checksum: 58451dadac2f741e3fe468accfdc263c0b2b42ef0a26dd87ac9688dd3aa908a6e2bf74410d1f0943a20baf4e11717b34ce803185aff4c031efa3ab12455e568b
  languageName: node
  linkType: hard

"shebang-regex@npm:^1.0.0":
  version: 1.0.0
  resolution: "shebang-regex@npm:1.0.0"
  checksum: cbd9dddef6419c94534619e2eb40b663bd4d6175de299d41d3d4b03290a839e69a75bee45dfab648c4027355b268f7ba142e483b9eef3a3f1b0084800d04163f
  languageName: node
  linkType: hard

"signal-exit@npm:^3.0.0":
  version: 3.0.2
  resolution: "signal-exit@npm:3.0.2"
  checksum: ce17937b1712ddb2e009347833bfe990d77d09d4b2fda9f017f655ff374c58c8a58ebcf6fdff211bbb7f14fae71c75d34a75f29583c3328d866c40798c225da1
  languageName: node
  linkType: hard

"strip-eof@npm:^1.0.0":
  version: 1.0.0
  resolution: "strip-eof@npm:1.0.0"
  checksum: fd3f003c69be82796565ac7f60c4eceec562a31bc2a780e0cd1eedff9942ed802fe4b20150dc7ecb8a06341b1a0e0f44c558050eaff296bcdcc2dab204a744a4
  languageName: node
  linkType: hard

"universal-user-agent@npm:^3.0.0":
  version: 3.0.0
  resolution: "universal-user-agent@npm:3.0.0"
  dependencies:
    os-name: "npm:^3.0.0"
  checksum: 3f0f362feef27b66e46766f2ce42e055d9ece86ddce1868ce1048ffab9e26240575bbad5d817082087e78039601d346f01140c362c3065673d16d19a9a63d5c0
  languageName: node
  linkType: hard

"url-template@npm:^2.0.8":
  version: 2.0.8
  resolution: "url-template@npm:2.0.8"
  checksum: 23aa3a6a6380df1d617028072f4bef0cccd5cd34652939a760cc8b3508e3ff22a7a7fb767e8532222f30ea4f24c3b66a7f680e6523aec6b5a5a5aa9186516188
  languageName: node
  linkType: hard

"which@npm:^1.2.9":
  version: 1.3.1
  resolution: "which@npm:1.3.1"
  dependencies:
    isexe: "npm:^2.0.0"
  bin:
    which: ./bin/which
  checksum: f827af47bbb2d8c29c9aec65cf11860a9cfb66ec03d1c4ee1d5bb1738cddde9e91418099fabfffcb4f3be1b6ca13c7c5c31f825f8ca5bee97a52ca2c1bc49afe
  languageName: node
  linkType: hard

"windows-release@npm:^3.1.0":
  version: 3.2.0
  resolution: "windows-release@npm:3.2.0"
  dependencies:
    execa: "npm:^1.0.0"
  checksum: 0ed862778e5d40ee1e62a19722cf9cf92f7667ec910a169afe17f519cc5354375432358e14e679b44a0016841e00756c533287f03bffc17b92d7496036600d3c
  languageName: node
  linkType: hard

"wrappy@npm:1":
  version: 1.0.2
  resolution: "wrappy@npm:1.0.2"
  checksum: 78cf638e62da944f0ec1f0dffe1f99148e33e7908e92a2b717a0e97bcacd58033726b875bc6de4a05b206df6713c9f4d81b98a6f60ee4ac019d8b14a57772df0
  languageName: node
  linkType: hard
